// !$*UTF8*$!
{
	archiveVersion = 1;
	classes = {
	};
	objectVersion = 50;
	objects = {

/* Begin PBXBuildFile section */
		7C5B1EAE2530CA7800EF6D43 /* AppDelegate.swift in Sources */ = {isa = PBXBuildFile; fileRef = 7C5B1EAD2530CA7800EF6D43 /* AppDelegate.swift */; };
		7C5B1EB02530CA7800EF6D43 /* SceneDelegate.swift in Sources */ = {isa = PBXBuildFile; fileRef = 7C5B1EAF2530CA7800EF6D43 /* SceneDelegate.swift */; };
		7C5B1EB22530CA7800EF6D43 /* APITableViewController.swift in Sources */ = {isa = PBXBuildFile; fileRef = 7C5B1EB12530CA7800EF6D43 /* APITableViewController.swift */; };
		7C5B1EB52530CA7800EF6D43 /* Main.storyboard in Resources */ = {isa = PBXBuildFile; fileRef = 7C5B1EB32530CA7800EF6D43 /* Main.storyboard */; };
		7C5B1EB82530CA7800EF6D43 /* CoreData.xcdatamodeld in Sources */ = {isa = PBXBuildFile; fileRef = 7C5B1EB62530CA7800EF6D43 /* CoreData.xcdatamodeld */; };
		7C5B1EBA2530CA7800EF6D43 /* Assets.xcassets in Resources */ = {isa = PBXBuildFile; fileRef = 7C5B1EB92530CA7800EF6D43 /* Assets.xcassets */; };
		7C5B1EBD2530CA7800EF6D43 /* LaunchScreen.storyboard in Resources */ = {isa = PBXBuildFile; fileRef = 7C5B1EBB2530CA7800EF6D43 /* LaunchScreen.storyboard */; };
		7C5B1ECA2530CB6300EF6D43 /* SearchTableViewContoller.swift in Sources */ = {isa = PBXBuildFile; fileRef = 7C5B1EC92530CB6300EF6D43 /* SearchTableViewContoller.swift */; };
		7C5B1ED02530CB9100EF6D43 /* API.swift in Sources */ = {isa = PBXBuildFile; fileRef = 7C5B1ECF2530CB9100EF6D43 /* API.swift */; };
		7C5B1ED32530CBB400EF6D43 /* APIRequest.swift in Sources */ = {isa = PBXBuildFile; fileRef = 7C5B1ED22530CBB400EF6D43 /* APIRequest.swift */; };
		7C5B1ED82530CBE600EF6D43 /* MyCustomCell.swift in Sources */ = {isa = PBXBuildFile; fileRef = 7C5B1ED72530CBE600EF6D43 /* MyCustomCell.swift */; };
		7C5B1EDC2530CBF600EF6D43 /* SearchTableViewCell.swift in Sources */ = {isa = PBXBuildFile; fileRef = 7C5B1EDB2530CBF600EF6D43 /* SearchTableViewCell.swift */; };
		7C5B1EE02530CC0F00EF6D43 /* MyCustomCell.xib in Resources */ = {isa = PBXBuildFile; fileRef = 7C5B1EDF2530CC0F00EF6D43 /* MyCustomCell.xib */; };
/* End PBXBuildFile section */

/* Begin PBXFileReference section */
		7C5B1EAA2530CA7800EF6D43 /* Movie.app */ = {isa = PBXFileReference; explicitFileType = wrapper.application; includeInIndex = 0; path = Movie.app; sourceTree = BUILT_PRODUCTS_DIR; };
		7C5B1EAD2530CA7800EF6D43 /* AppDelegate.swift */ = {isa = PBXFileReference; lastKnownFileType = sourcecode.swift; path = AppDelegate.swift; sourceTree = "<group>"; };
		7C5B1EAF2530CA7800EF6D43 /* SceneDelegate.swift */ = {isa = PBXFileReference; lastKnownFileType = sourcecode.swift; path = SceneDelegate.swift; sourceTree = "<group>"; };
		7C5B1EB12530CA7800EF6D43 /* APITableViewController.swift */ = {isa = PBXFileReference; lastKnownFileType = sourcecode.swift; path = APITableViewController.swift; sourceTree = "<group>"; };
		7C5B1EB42530CA7800EF6D43 /* Base */ = {isa = PBXFileReference; lastKnownFileType = file.storyboard; name = Base; path = Base.lproj/Main.storyboard; sourceTree = "<group>"; };
		7C5B1EB72530CA7800EF6D43 /* Movie.xcdatamodel */ = {isa = PBXFileReference; lastKnownFileType = wrapper.xcdatamodel; path = Movie.xcdatamodel; sourceTree = "<group>"; };
		7C5B1EB92530CA7800EF6D43 /* Assets.xcassets */ = {isa = PBXFileReference; lastKnownFileType = folder.assetcatalog; path = Assets.xcassets; sourceTree = "<group>"; };
		7C5B1EBC2530CA7800EF6D43 /* Base */ = {isa = PBXFileReference; lastKnownFileType = file.storyboard; name = Base; path = Base.lproj/LaunchScreen.storyboard; sourceTree = "<group>"; };
		7C5B1EBE2530CA7800EF6D43 /* Info.plist */ = {isa = PBXFileReference; lastKnownFileType = text.plist.xml; path = Info.plist; sourceTree = "<group>"; };
		7C5B1EC92530CB6300EF6D43 /* SearchTableViewContoller.swift */ = {isa = PBXFileReference; lastKnownFileType = sourcecode.swift; path = SearchTableViewContoller.swift; sourceTree = "<group>"; };
		7C5B1ECF2530CB9100EF6D43 /* API.swift */ = {isa = PBXFileReference; lastKnownFileType = sourcecode.swift; path = API.swift; sourceTree = "<group>"; };
		7C5B1ED22530CBB400EF6D43 /* APIRequest.swift */ = {isa = PBXFileReference; lastKnownFileType = sourcecode.swift; path = APIRequest.swift; sourceTree = "<group>"; };
		7C5B1ED72530CBE600EF6D43 /* MyCustomCell.swift */ = {isa = PBXFileReference; lastKnownFileType = sourcecode.swift; path = MyCustomCell.swift; sourceTree = "<group>"; };
		7C5B1EDB2530CBF600EF6D43 /* SearchTableViewCell.swift */ = {isa = PBXFileReference; lastKnownFileType = sourcecode.swift; path = SearchTableViewCell.swift; sourceTree = "<group>"; };
		7C5B1EDF2530CC0F00EF6D43 /* MyCustomCell.xib */ = {isa = PBXFileReference; lastKnownFileType = file.xib; path = MyCustomCell.xib; sourceTree = "<group>"; };
/* End PBXFileReference section */

/* Begin PBXFrameworksBuildPhase section */
		7C5B1EA72530CA7800EF6D43 /* Frameworks */ = {
			isa = PBXFrameworksBuildPhase;
			buildActionMask = 2147483647;
			files = (
			);
			runOnlyForDeploymentPostprocessing = 0;
		};
/* End PBXFrameworksBuildPhase section */

/* Begin PBXGroup section */
		7C5B1EA12530CA7800EF6D43 = {
			isa = PBXGroup;
			children = (
				7C5B1EAC2530CA7800EF6D43 /* Movie */,
				7C5B1EAB2530CA7800EF6D43 /* Products */,
			);
			sourceTree = "<group>";
		};
		7C5B1EAB2530CA7800EF6D43 /* Products */ = {
			isa = PBXGroup;
			children = (
				7C5B1EAA2530CA7800EF6D43 /* Movie.app */,
			);
			name = Products;
			sourceTree = "<group>";
		};
		7C5B1EAC2530CA7800EF6D43 /* Movie */ = {
			isa = PBXGroup;
			children = (
				7C5B1EE42530CCB200EF6D43 /* DataModel */,
				7C5B1ED62530CBD400EF6D43 /* MyCustomCell */,
				7C5B1EC62530CAE800EF6D43 /* Contollers */,
				7C5B1EC72530CAF400EF6D43 /* Delegate */,
				7C5B1ECE2530CB7600EF6D43 /* View */,
				7C5B1EE22530CC4800EF6D43 /* Assets */,
				7C5B1EBE2530CA7800EF6D43 /* Info.plist */,
				7C5B1ED52530CBC400EF6D43 /* APIRequest */,
			);
			path = Movie;
			sourceTree = "<group>";
		};
		7C5B1EC62530CAE800EF6D43 /* Contollers */ = {
			isa = PBXGroup;
			children = (
				7C5B1EB12530CA7800EF6D43 /* APITableViewController.swift */,
				7C5B1EC92530CB6300EF6D43 /* SearchTableViewContoller.swift */,
			);
			name = Contollers;
			sourceTree = "<group>";
		};
		7C5B1EC72530CAF400EF6D43 /* Delegate */ = {
			isa = PBXGroup;
			children = (
				7C5B1EAD2530CA7800EF6D43 /* AppDelegate.swift */,
				7C5B1EAF2530CA7800EF6D43 /* SceneDelegate.swift */,
			);
			name = Delegate;
			sourceTree = "<group>";
		};
		7C5B1ECE2530CB7600EF6D43 /* View */ = {
			isa = PBXGroup;
			children = (
				7C5B1EB32530CA7800EF6D43 /* Main.storyboard */,
			);
			name = View;
			sourceTree = "<group>";
		};
		7C5B1ED52530CBC400EF6D43 /* APIRequest */ = {
			isa = PBXGroup;
			children = (
				7C5B1ECF2530CB9100EF6D43 /* API.swift */,
				7C5B1ED22530CBB400EF6D43 /* APIRequest.swift */,
			);
			name = APIRequest;
			sourceTree = "<group>";
		};
		7C5B1ED62530CBD400EF6D43 /* MyCustomCell */ = {
			isa = PBXGroup;
			children = (
				7C5B1ED72530CBE600EF6D43 /* MyCustomCell.swift */,
				7C5B1EDB2530CBF600EF6D43 /* SearchTableViewCell.swift */,
				7C5B1EDF2530CC0F00EF6D43 /* MyCustomCell.xib */,
			);
			name = MyCustomCell;
			sourceTree = "<group>";
		};
		7C5B1EE22530CC4800EF6D43 /* Assets */ = {
			isa = PBXGroup;
			children = (
				7C5B1EB92530CA7800EF6D43 /* Assets.xcassets */,
				7C5B1EBB2530CA7800EF6D43 /* LaunchScreen.storyboard */,
			);
			name = Assets;
			sourceTree = "<group>";
		};
		7C5B1EE42530CCB200EF6D43 /* DataModel */ = {
			isa = PBXGroup;
			children = (
				7C5B1EB62530CA7800EF6D43 /* CoreData.xcdatamodeld */,
			);
			name = DataModel;
			sourceTree = "<group>";
		};
/* End PBXGroup section */

/* Begin PBXNativeTarget section */
		7C5B1EA92530CA7800EF6D43 /* Movie */ = {
			isa = PBXNativeTarget;
			buildConfigurationList = 7C5B1EC12530CA7800EF6D43 /* Build configuration list for PBXNativeTarget "Movie" */;
			buildPhases = (
				7C5B1EA62530CA7800EF6D43 /* Sources */,
				7C5B1EA72530CA7800EF6D43 /* Frameworks */,
				7C5B1EA82530CA7800EF6D43 /* Resources */,
			);
			buildRules = (
			);
			dependencies = (
			);
			name = Movie;
			productName = Movie;
			productReference = 7C5B1EAA2530CA7800EF6D43 /* Movie.app */;
			productType = "com.apple.product-type.application";
		};
/* End PBXNativeTarget section */

/* Begin PBXProject section */
		7C5B1EA22530CA7800EF6D43 /* Project object */ = {
			isa = PBXProject;
			attributes = {
				LastSwiftUpdateCheck = 1200;
				LastUpgradeCheck = 1200;
				TargetAttributes = {
					7C5B1EA92530CA7800EF6D43 = {
						CreatedOnToolsVersion = 12.0.1;
					};
				};
			};
			buildConfigurationList = 7C5B1EA52530CA7800EF6D43 /* Build configuration list for PBXProject "Movie" */;
			compatibilityVersion = "Xcode 9.3";
			developmentRegion = en;
			hasScannedForEncodings = 0;
			knownRegions = (
				en,
				Base,
			);
			mainGroup = 7C5B1EA12530CA7800EF6D43;
			productRefGroup = 7C5B1EAB2530CA7800EF6D43 /* Products */;
			projectDirPath = "";
			projectRoot = "";
			targets = (
				7C5B1EA92530CA7800EF6D43 /* Movie */,
			);
		};
/* End PBXProject section */

/* Begin PBXResourcesBuildPhase section */
		7C5B1EA82530CA7800EF6D43 /* Resources */ = {
			isa = PBXResourcesBuildPhase;
			buildActionMask = 2147483647;
			files = (
				7C5B1EBD2530CA7800EF6D43 /* LaunchScreen.storyboard in Resources */,
				7C5B1EBA2530CA7800EF6D43 /* Assets.xcassets in Resources */,
				7C5B1EE02530CC0F00EF6D43 /* MyCustomCell.xib in Resources */,
				7C5B1EB52530CA7800EF6D43 /* Main.storyboard in Resources */,
			);
			runOnlyForDeploymentPostprocessing = 0;
		};
/* End PBXResourcesBuildPhase section */

/* Begin PBXSourcesBuildPhase section */
		7C5B1EA62530CA7800EF6D43 /* Sources */ = {
			isa = PBXSourcesBuildPhase;
			buildActionMask = 2147483647;
			files = (
				7C5B1EB22530CA7800EF6D43 /* APITableViewController.swift in Sources */,
				7C5B1ED32530CBB400EF6D43 /* APIRequest.swift in Sources */,
				7C5B1EAE2530CA7800EF6D43 /* AppDelegate.swift in Sources */,
				7C5B1EB82530CA7800EF6D43 /* CoreData.xcdatamodeld in Sources */,
				7C5B1EB02530CA7800EF6D43 /* SceneDelegate.swift in Sources */,
				7C5B1ED02530CB9100EF6D43 /* API.swift in Sources */,
				7C5B1ED82530CBE600EF6D43 /* MyCustomCell.swift in Sources */,
				7C5B1EDC2530CBF600EF6D43 /* SearchTableViewCell.swift in Sources */,
				7C5B1ECA2530CB6300EF6D43 /* SearchTableViewContoller.swift in Sources */,
			);
			runOnlyForDeploymentPostprocessing = 0;
		};
/* End PBXSourcesBuildPhase section */

/* Begin PBXVariantGroup section */
		7C5B1EB32530CA7800EF6D43 /* Main.storyboard */ = {
			isa = PBXVariantGroup;
			children = (
				7C5B1EB42530CA7800EF6D43 /* Base */,
			);
			name = Main.storyboard;
			sourceTree = "<group>";
		};
		7C5B1EBB2530CA7800EF6D43 /* LaunchScreen.storyboard */ = {
			isa = PBXVariantGroup;
			children = (
				7C5B1EBC2530CA7800EF6D43 /* Base */,
			);
			name = LaunchScreen.storyboard;
			sourceTree = "<group>";
		};
/* End PBXVariantGroup section */

/* Begin XCBuildConfiguration section */
		7C5B1EBF2530CA7800EF6D43 /* Debug */ = {
			isa = XCBuildConfiguration;
			buildSettings = {
				ALWAYS_SEARCH_USER_PATHS = NO;
				CLANG_ANALYZER_NONNULL = YES;
				CLANG_ANALYZER_NUMBER_OBJECT_CONVERSION = YES_AGGRESSIVE;
				CLANG_CXX_LANGUAGE_STANDARD = "gnu++14";
				CLANG_CXX_LIBRARY = "libc++";
				CLANG_ENABLE_MODULES = YES;
				CLANG_ENABLE_OBJC_ARC = YES;
				CLANG_ENABLE_OBJC_WEAK = YES;
				CLANG_WARN_BLOCK_CAPTURE_AUTORELEASING = YES;
				CLANG_WARN_BOOL_CONVERSION = YES;
				CLANG_WARN_COMMA = YES;
				CLANG_WARN_CONSTANT_CONVERSION = YES;
				CLANG_WARN_DEPRECATED_OBJC_IMPLEMENTATIONS = YES;
				CLANG_WARN_DIRECT_OBJC_ISA_USAGE = YES_ERROR;
				CLANG_WARN_DOCUMENTATION_COMMENTS = YES;
				CLANG_WARN_EMPTY_BODY = YES;
				CLANG_WARN_ENUM_CONVERSION = YES;
				CLANG_WARN_INFINITE_RECURSION = YES;
				CLANG_WARN_INT_CONVERSION = YES;
				CLANG_WARN_NON_LITERAL_NULL_CONVERSION = YES;
				CLANG_WARN_OBJC_IMPLICIT_RETAIN_SELF = YES;
				CLANG_WARN_OBJC_LITERAL_CONVERSION = YES;
				CLANG_WARN_OBJC_ROOT_CLASS = YES_ERROR;
				CLANG_WARN_QUOTED_INCLUDE_IN_FRAMEWORK_HEADER = YES;
				CLANG_WARN_RANGE_LOOP_ANALYSIS = YES;
				CLANG_WARN_STRICT_PROTOTYPES = YES;
				CLANG_WARN_SUSPICIOUS_MOVE = YES;
				CLANG_WARN_UNGUARDED_AVAILABILITY = YES_AGGRESSIVE;
				CLANG_WARN_UNREACHABLE_CODE = YES;
				CLANG_WARN__DUPLICATE_METHOD_MATCH = YES;
				COPY_PHASE_STRIP = NO;
				DEBUG_INFORMATION_FORMAT = dwarf;
				ENABLE_STRICT_OBJC_MSGSEND = YES;
				ENABLE_TESTABILITY = YES;
				GCC_C_LANGUAGE_STANDARD = gnu11;
				GCC_DYNAMIC_NO_PIC = NO;
				GCC_NO_COMMON_BLOCKS = YES;
				GCC_OPTIMIZATION_LEVEL = 0;
				GCC_PREPROCESSOR_DEFINITIONS = (
					"DEBUG=1",
					"$(inherited)",
				);
				GCC_WARN_64_TO_32_BIT_CONVERSION = YES;
				GCC_WARN_ABOUT_RETURN_TYPE = YES_ERROR;
				GCC_WARN_UNDECLARED_SELECTOR = YES;
				GCC_WARN_UNINITIALIZED_AUTOS = YES_AGGRESSIVE;
				GCC_WARN_UNUSED_FUNCTION = YES;
				GCC_WARN_UNUSED_VARIABLE = YES;
				IPHONEOS_DEPLOYMENT_TARGET = 12.0;
				MTL_ENABLE_DEBUG_INFO = INCLUDE_SOURCE;
				MTL_FAST_MATH = YES;
				ONLY_ACTIVE_ARCH = YES;
				SDKROOT = iphoneos;
				SWIFT_ACTIVE_COMPILATION_CONDITIONS = DEBUG;
				SWIFT_OPTIMIZATION_LEVEL = "-Onone";
			};
			name = Debug;
		};
		7C5B1EC02530CA7800EF6D43 /* Release */ = {
			isa = XCBuildConfiguration;
			buildSettings = {
				ALWAYS_SEARCH_USER_PATHS = NO;
				CLANG_ANALYZER_NONNULL = YES;
				CLANG_ANALYZER_NUMBER_OBJECT_CONVERSION = YES_AGGRESSIVE;
				CLANG_CXX_LANGUAGE_STANDARD = "gnu++14";
				CLANG_CXX_LIBRARY = "libc++";
				CLANG_ENABLE_MODULES = YES;
				CLANG_ENABLE_OBJC_ARC = YES;
				CLANG_ENABLE_OBJC_WEAK = YES;
				CLANG_WARN_BLOCK_CAPTURE_AUTORELEASING = YES;
				CLANG_WARN_BOOL_CONVERSION = YES;
				CLANG_WARN_COMMA = YES;
				CLANG_WARN_CONSTANT_CONVERSION = YES;
				CLANG_WARN_DEPRECATED_OBJC_IMPLEMENTATIONS = YES;
				CLANG_WARN_DIRECT_OBJC_ISA_USAGE = YES_ERROR;
				CLANG_WARN_DOCUMENTATION_COMMENTS = YES;
				CLANG_WARN_EMPTY_BODY = YES;
				CLANG_WARN_ENUM_CONVERSION = YES;
				CLANG_WARN_INFINITE_RECURSION = YES;
				CLANG_WARN_INT_CONVERSION = YES;
				CLANG_WARN_NON_LITERAL_NULL_CONVERSION = YES;
				CLANG_WARN_OBJC_IMPLICIT_RETAIN_SELF = YES;
				CLANG_WARN_OBJC_LITERAL_CONVERSION = YES;
				CLANG_WARN_OBJC_ROOT_CLASS = YES_ERROR;
				CLANG_WARN_QUOTED_INCLUDE_IN_FRAMEWORK_HEADER = YES;
				CLANG_WARN_RANGE_LOOP_ANALYSIS = YES;
				CLANG_WARN_STRICT_PROTOTYPES = YES;
				CLANG_WARN_SUSPICIOUS_MOVE = YES;
				CLANG_WARN_UNGUARDED_AVAILABILITY = YES_AGGRESSIVE;
				CLANG_WARN_UNREACHABLE_CODE = YES;
				CLANG_WARN__DUPLICATE_METHOD_MATCH = YES;
				COPY_PHASE_STRIP = NO;
				DEBUG_INFORMATION_FORMAT = "dwarf-with-dsym";
				ENABLE_NS_ASSERTIONS = NO;
				ENABLE_STRICT_OBJC_MSGSEND = YES;
				GCC_C_LANGUAGE_STANDARD = gnu11;
				GCC_NO_COMMON_BLOCKS = YES;
				GCC_WARN_64_TO_32_BIT_CONVERSION = YES;
				GCC_WARN_ABOUT_RETURN_TYPE = YES_ERROR;
				GCC_WARN_UNDECLARED_SELECTOR = YES;
				GCC_WARN_UNINITIALIZED_AUTOS = YES_AGGRESSIVE;
				GCC_WARN_UNUSED_FUNCTION = YES;
				GCC_WARN_UNUSED_VARIABLE = YES;
				IPHONEOS_DEPLOYMENT_TARGET = 12.0;
				MTL_ENABLE_DEBUG_INFO = NO;
				MTL_FAST_MATH = YES;
				SDKROOT = iphoneos;
				SWIFT_COMPILATION_MODE = wholemodule;
				SWIFT_OPTIMIZATION_LEVEL = "-O";
				VALIDATE_PRODUCT = YES;
			};
			name = Release;
		};
		7C5B1EC22530CA7800EF6D43 /* Debug */ = {
			isa = XCBuildConfiguration;
			buildSettings = {
				ASSETCATALOG_COMPILER_APPICON_NAME = AppIcon;
				ASSETCATALOG_COMPILER_GLOBAL_ACCENT_COLOR_NAME = AccentColor;
				CODE_SIGN_STYLE = Automatic;
				INFOPLIST_FILE = Movie/Info.plist;
				IPHONEOS_DEPLOYMENT_TARGET = 12.0;
				LD_RUNPATH_SEARCH_PATHS = (
					"$(inherited)",
					"@executable_path/Frameworks",
				);
				PRODUCT_BUNDLE_IDENTIFIER = com.nudzejmakezo.Movie;
				PRODUCT_NAME = "$(TARGET_NAME)";
				SWIFT_VERSION = 5.0;
				TARGETED_DEVICE_FAMILY = "1,2";
			};
			name = Debug;
		};
		7C5B1EC32530CA7800EF6D43 /* Release */ = {
			isa = XCBuildConfiguration;
			buildSettings = {
				ASSETCATALOG_COMPILER_APPICON_NAME = AppIcon;
				ASSETCATALOG_COMPILER_GLOBAL_ACCENT_COLOR_NAME = AccentColor;
				CODE_SIGN_STYLE = Automatic;
				INFOPLIST_FILE = Movie/Info.plist;
				IPHONEOS_DEPLOYMENT_TARGET = 12.0;
				LD_RUNPATH_SEARCH_PATHS = (
					"$(inherited)",
					"@executable_path/Frameworks",
				);
				PRODUCT_BUNDLE_IDENTIFIER = com.nudzejmakezo.Movie;
				PRODUCT_NAME = "$(TARGET_NAME)";
				SWIFT_VERSION = 5.0;
				TARGETED_DEVICE_FAMILY = "1,2";
			};
			name = Release;
		};
/* End XCBuildConfiguration section */

/* Begin XCConfigurationList section */
		7C5B1EA52530CA7800EF6D43 /* Build configuration list for PBXProject "Movie" */ = {
			isa = XCConfigurationList;
			buildConfigurations = (
				7C5B1EBF2530CA7800EF6D43 /* Debug */,
				7C5B1EC02530CA7800EF6D43 /* Release */,
			);
			defaultConfigurationIsVisible = 0;
			defaultConfigurationName = Release;
		};
		7C5B1EC12530CA7800EF6D43 /* Build configuration list for PBXNativeTarget "Movie" */ = {
			isa = XCConfigurationList;
			buildConfigurations = (
				7C5B1EC22530CA7800EF6D43 /* Debug */,
				7C5B1EC32530CA7800EF6D43 /* Release */,
			);
			defaultConfigurationIsVisible = 0;
			defaultConfigurationName = Release;
		};
/* End XCConfigurationList section */

/* Begin XCVersionGroup section */
		7C5B1EB62530CA7800EF6D43 /* CoreData.xcdatamodeld */ = {
			isa = XCVersionGroup;
			children = (
				7C5B1EB72530CA7800EF6D43 /* Movie.xcdatamodel */,
			);
			currentVersion = 7C5B1EB72530CA7800EF6D43 /* Movie.xcdatamodel */;
			path = CoreData.xcdatamodeld;
			sourceTree = "<group>";
			versionGroupType = wrapper.xcdatamodel;
		};
/* End XCVersionGroup section */
	};
	rootObject = 7C5B1EA22530CA7800EF6D43 /* Project object */;
}
